
Microsoft Visual Studio Solution File, Format Version 12.00
# Visual Studio Express 15 for Windows Desktop
VisualStudioVersion = 15.0.27004.2002
MinimumVisualStudioVersion = 10.0.40219.1
Project("{FAE04EC0-301F-11D3-BF4B-00C04F79EFBC}") = "Miscellany", "Miscellany\Miscellany.csproj", "{07002681-B0FB-408B-8F71-15ACDAC9FE21}"
EndProject
Global
	GlobalSection(SolutionConfigurationPlatforms) = preSolution
		Debug|Any CPU = Debug|Any CPU
		Release|Any CPU = Release|Any CPU
	EndGlobalSection
	GlobalSection(ProjectConfigurationPlatforms) = postSolution
		{07002681-B0FB-408B-8F71-15ACDAC9FE21}.Debug|Any CPU.ActiveCfg = Debug|Any CPU
		{07002681-B0FB-408B-8F71-15ACDAC9FE21}.Debug|Any CPU.Build.0 = Debug|Any CPU
		{07002681-B0FB-408B-8F71-15ACDAC9FE21}.Release|Any CPU.ActiveCfg = Release|Any CPU
		{07002681-B0FB-408B-8F71-15ACDAC9FE21}.Release|Any CPU.Build.0 = Release|Any CPU
	EndGlobalSection
	GlobalSection(SolutionProperties) = preSolution
		HideSolutionNode = FALSE
	EndGlobalSection
	GlobalSection(ExtensibilityGlobals) = postSolution
		SolutionGuid = {0A77648C-0D40-4244-AE83-AEAD6D4B6E45}
	EndGlobalSection
EndGlobal
