
Microsoft Visual Studio Solution File, Format Version 12.00
# Visual Studio Version 17
VisualStudioVersion = 17.0.31903.59
MinimumVisualStudioVersion = 10.0.40219.1
Project("{9A19103F-16F7-4668-BE54-9A1E7A4F7556}") = "Miscellany", "Miscellany\Miscellany.csproj", "{07002681-B0FB-408B-8F71-15ACDAC9FE21}"
EndProject
Project("{9A19103F-16F7-4668-BE54-9A1E7A4F7556}") = "Miscellany.Customization", "Miscellany.Customization\Miscellany.Customization.csproj", "{3B6C2A1E-5D4F-4A8B-9C7E-2F1D0E6B8A41}"
EndProject
Project("{9A19103F-16F7-4668-BE54-9A1E7A4F7556}") = "Miscellany.Tests", "Miscellany.Tests\Miscellany.Tests.csproj", "{8E2D4C6A-1B3F-4E5D-A7C9-6F0B2D4E8A13}"
EndProject
Global
	GlobalSection(SolutionConfigurationPlatforms) = preSolution
		Debug|Any CPU = Debug|Any CPU
		Release|Any CPU = Release|Any CPU
	EndGlobalSection
	GlobalSection(ProjectConfigurationPlatforms) = postSolution
		{07002681-B0FB-408B-8F71-15ACDAC9FE21}.Debug|Any CPU.ActiveCfg = Debug|Any CPU
		{07002681-B0FB-408B-8F71-15ACDAC9FE21}.Debug|Any CPU.Build.0 = Debug|Any CPU
		{07002681-B0FB-408B-8F71-15ACDAC9FE21}.Release|Any CPU.ActiveCfg = Release|Any CPU
		{07002681-B0FB-408B-8F71-15ACDAC9FE21}.Release|Any CPU.Build.0 = Release|Any CPU
		{3B6C2A1E-5D4F-4A8B-9C7E-2F1D0E6B8A41}.Debug|Any CPU.ActiveCfg = Debug|Any CPU
		{3B6C2A1E-5D4F-4A8B-9C7E-2F1D0E6B8A41}.Debug|Any CPU.Build.0 = Debug|Any CPU
		{3B6C2A1E-5D4F-4A8B-9C7E-2F1D0E6B8A41}.Release|Any CPU.ActiveCfg = Release|Any CPU
		{3B6C2A1E-5D4F-4A8B-9C7E-2F1D0E6B8A41}.Release|Any CPU.Build.0 = Release|Any CPU
		{8E2D4C6A-1B3F-4E5D-A7C9-6F0B2D4E8A13}.Debug|Any CPU.ActiveCfg = Debug|Any CPU
		{8E2D4C6A-1B3F-4E5D-A7C9-6F0B2D4E8A13}.Debug|Any CPU.Build.0 = Debug|Any CPU
		{8E2D4C6A-1B3F-4E5D-A7C9-6F0B2D4E8A13}.Release|Any CPU.ActiveCfg = Release|Any CPU
		{8E2D4C6A-1B3F-4E5D-A7C9-6F0B2D4E8A13}.Release|Any CPU.Build.0 = Release|Any CPU
	EndGlobalSection
	GlobalSection(SolutionProperties) = preSolution
		HideSolutionNode = FALSE
	EndGlobalSection
	GlobalSection(ExtensibilityGlobals) = postSolution
		SolutionGuid = {0A77648C-0D40-4244-AE83-AEAD6D4B6E45}
	EndGlobalSection
EndGlobal
